{
  "name": "node-lesson-2",
  "version": "1.0.0",
  "lockfileVersion": 1,
  "requires": true,
  "dependencies": {
    "normalize-url": {
      "version": "5.3.0",
      "resolved": "https://registry.npmjs.org/normalize-url/-/normalize-url-5.3.0.tgz",
      "integrity": "sha512-9/nOVLYYe/dO/eJeQUNaGUF4m4Z5E7cb9oNTKabH+bNf19mqj60txTcveQxL0GlcWLXCxkOu2/LwL8oW0idIDA=="
    }
  }
}
